
Microsoft Visual Studio Solution File, Format Version 12.00
# Visual Studio 15
VisualStudioVersion = 15.0.28307.329
MinimumVisualStudioVersion = 10.0.40219.1
Project("{FAE04EC0-301F-11D3-BF4B-00C04F79EFBC}") = "string_methods", "string_methods\string_methods.csproj", "{5358CA75-51D9-42F7-91BE-2F76E5AE9885}"
EndProject
Global
	GlobalSection(SolutionConfigurationPlatforms) = preSolution
		Debug|Any CPU = Debug|Any CPU
		Release|Any CPU = Release|Any CPU
	EndGlobalSection
	GlobalSection(ProjectConfigurationPlatforms) = postSolution
		{5358CA75-51D9-42F7-91BE-2F76E5AE9885}.Debug|Any CPU.ActiveCfg = Debug|Any CPU
		{5358CA75-51D9-42F7-91BE-2F76E5AE9885}.Debug|Any CPU.Build.0 = Debug|Any CPU
		{5358CA75-51D9-42F7-91BE-2F76E5AE9885}.Release|Any CPU.ActiveCfg = Release|Any CPU
		{5358CA75-51D9-42F7-91BE-2F76E5AE9885}.Release|Any CPU.Build.0 = Release|Any CPU
	EndGlobalSection
	GlobalSection(SolutionProperties) = preSolution
		HideSolutionNode = FALSE
	EndGlobalSection
	GlobalSection(ExtensibilityGlobals) = postSolution
		SolutionGuid = {B2DE08DF-025A-4AD3-9311-2DB905497837}
	EndGlobalSection
EndGlobal
